
Microsoft Visual Studio Solution File, Format Version 12.00
# Visual Studio Version 16
VisualStudioVersion = 16.0.30320.27
MinimumVisualStudioVersion = 10.0.40219.1
Project("{FAE04EC0-301F-11D3-BF4B-00C04F79EFBC}") = "ReactASPCrud", "ReactASPCrud\ReactASPCrud.csproj", "{76667D38-596E-40BE-85AC-ED19405C478F}"
EndProject
Global
	GlobalSection(SolutionConfigurationPlatforms) = preSolution
		Debug|Any CPU = Debug|Any CPU
		Release|Any CPU = Release|Any CPU
	EndGlobalSection
	GlobalSection(ProjectConfigurationPlatforms) = postSolution
		{76667D38-596E-40BE-85AC-ED19405C478F}.Debug|Any CPU.ActiveCfg = Debug|Any CPU
		{76667D38-596E-40BE-85AC-ED19405C478F}.Debug|Any CPU.Build.0 = Debug|Any CPU
		{76667D38-596E-40BE-85AC-ED19405C478F}.Release|Any CPU.ActiveCfg = Release|Any CPU
		{76667D38-596E-40BE-85AC-ED19405C478F}.Release|Any CPU.Build.0 = Release|Any CPU
	EndGlobalSection
	GlobalSection(SolutionProperties) = preSolution
		HideSolutionNode = FALSE
	EndGlobalSection
	GlobalSection(ExtensibilityGlobals) = postSolution
		SolutionGuid = {D0D8E9C3-4AC0-4BD2-A956-7FAB60D109DD}
	EndGlobalSection
EndGlobal
